
Microsoft Visual Studio Solution File, Format Version 12.00
# Visual Studio Version 17
VisualStudioVersion = 17.5.33530.505
MinimumVisualStudioVersion = 10.0.40219.1
Project("{9A19103F-16F7-4668-BE54-9A1E7A4F7556}") = "Setup", "Setup\Setup.csproj", "{458B99E5-0A47-4D37-97B8-E49F2F65BDD2}"
EndProject
Global
	GlobalSection(SolutionConfigurationPlatforms) = preSolution
		Debug|Any CPU = Debug|Any CPU
		Release|Any CPU = Release|Any CPU
	EndGlobalSection
	GlobalSection(ProjectConfigurationPlatforms) = postSolution
		{458B99E5-0A47-4D37-97B8-E49F2F65BDD2}.Debug|Any CPU.ActiveCfg = Debug|Any CPU
		{458B99E5-0A47-4D37-97B8-E49F2F65BDD2}.Debug|Any CPU.Build.0 = Debug|Any CPU
		{458B99E5-0A47-4D37-97B8-E49F2F65BDD2}.Release|Any CPU.ActiveCfg = Release|Any CPU
		{458B99E5-0A47-4D37-97B8-E49F2F65BDD2}.Release|Any CPU.Build.0 = Release|Any CPU
	EndGlobalSection
	GlobalSection(SolutionProperties) = preSolution
		HideSolutionNode = FALSE
	EndGlobalSection
	GlobalSection(ExtensibilityGlobals) = postSolution
		SolutionGuid = {CBF305B6-C39C-412F-8335-18608F0D595C}
	EndGlobalSection
EndGlobal
